{
  "name": "vite-plugin-mockjs-lite",
  "version": "1.0.1",
  "lockfileVersion": 1,
  "requires": true,
  "dependencies": {
    "mockjs-lite": {
      "version": "0.3.3",
      "resolved": "https://registry.npm.taobao.org/mockjs-lite/download/mockjs-lite-0.3.3.tgz",
      "integrity": "sha1-0zwusejoWBLgql5EF6h4Sj9pGIU="
    }
  }
}
